
Microsoft Visual Studio Solution File, Format Version 12.00
# Visual Studio 15
VisualStudioVersion = 15.0.27130.2036
MinimumVisualStudioVersion = 10.0.40219.1
Project("{9A19103F-16F7-4668-BE54-9A1E7A4F7556}") = "SnackShop", "SnackShop\SnackShop.csproj", "{3B4338FE-DAB5-43A8-9D25-E2A8BB33548D}"
EndProject
Project("{9A19103F-16F7-4668-BE54-9A1E7A4F7556}") = "SnackShop.Core", "SnackShop.Core\SnackShop.Core.csproj", "{A2BFF9C7-F050-4E25-AB66-75A739855974}"
EndProject
Project("{9A19103F-16F7-4668-BE54-9A1E7A4F7556}") = "SnackShopApi", "SnackShopApi\SnackShopApi.csproj", "{1A336F58-2E20-40CD-9B83-7892DFC4CFE1}"
EndProject
Project("{FAE04EC0-301F-11D3-BF4B-00C04F79EFBC}") = "SnackShop.Core.UnitTests", "SnackShop.Core.UnitTests\SnackShop.Core.UnitTests.csproj", "{55A6A45F-0011-4C37-A4B1-99F5427361E1}"
EndProject
Global
	GlobalSection(SolutionConfigurationPlatforms) = preSolution
		Debug|Any CPU = Debug|Any CPU
		Release|Any CPU = Release|Any CPU
	EndGlobalSection
	GlobalSection(ProjectConfigurationPlatforms) = postSolution
		{3B4338FE-DAB5-43A8-9D25-E2A8BB33548D}.Debug|Any CPU.ActiveCfg = Debug|Any CPU
		{3B4338FE-DAB5-43A8-9D25-E2A8BB33548D}.Debug|Any CPU.Build.0 = Debug|Any CPU
		{3B4338FE-DAB5-43A8-9D25-E2A8BB33548D}.Release|Any CPU.ActiveCfg = Release|Any CPU
		{3B4338FE-DAB5-43A8-9D25-E2A8BB33548D}.Release|Any CPU.Build.0 = Release|Any CPU
		{A2BFF9C7-F050-4E25-AB66-75A739855974}.Debug|Any CPU.ActiveCfg = Debug|Any CPU
		{A2BFF9C7-F050-4E25-AB66-75A739855974}.Debug|Any CPU.Build.0 = Debug|Any CPU
		{A2BFF9C7-F050-4E25-AB66-75A739855974}.Release|Any CPU.ActiveCfg = Release|Any CPU
		{A2BFF9C7-F050-4E25-AB66-75A739855974}.Release|Any CPU.Build.0 = Release|Any CPU
		{1A336F58-2E20-40CD-9B83-7892DFC4CFE1}.Debug|Any CPU.ActiveCfg = Debug|Any CPU
		{1A336F58-2E20-40CD-9B83-7892DFC4CFE1}.Debug|Any CPU.Build.0 = Debug|Any CPU
		{1A336F58-2E20-40CD-9B83-7892DFC4CFE1}.Release|Any CPU.ActiveCfg = Release|Any CPU
		{1A336F58-2E20-40CD-9B83-7892DFC4CFE1}.Release|Any CPU.Build.0 = Release|Any CPU
		{55A6A45F-0011-4C37-A4B1-99F5427361E1}.Debug|Any CPU.ActiveCfg = Debug|Any CPU
		{55A6A45F-0011-4C37-A4B1-99F5427361E1}.Debug|Any CPU.Build.0 = Debug|Any CPU
		{55A6A45F-0011-4C37-A4B1-99F5427361E1}.Release|Any CPU.ActiveCfg = Release|Any CPU
		{55A6A45F-0011-4C37-A4B1-99F5427361E1}.Release|Any CPU.Build.0 = Release|Any CPU
	EndGlobalSection
	GlobalSection(SolutionProperties) = preSolution
		HideSolutionNode = FALSE
	EndGlobalSection
	GlobalSection(ExtensibilityGlobals) = postSolution
		SolutionGuid = {A6B22ECC-4060-4C60-B837-9C2EC8C8CC0F}
	EndGlobalSection
EndGlobal
